
Microsoft Visual Studio Solution File, Format Version 12.00
# Visual Studio Version 17
VisualStudioVersion = 17.3.32901.215
MinimumVisualStudioVersion = 10.0.40219.1
Project("{FAE04EC0-301F-11D3-BF4B-00C04F79EFBC}") = "Lab7SPOIT", "Lab7SPOIT\Lab7SPOIT.csproj", "{BAE6AD79-C36B-45E6-9230-854D21185448}"
EndProject
Global
	GlobalSection(SolutionConfigurationPlatforms) = preSolution
		Debug|Any CPU = Debug|Any CPU
		Release|Any CPU = Release|Any CPU
	EndGlobalSection
	GlobalSection(ProjectConfigurationPlatforms) = postSolution
		{BAE6AD79-C36B-45E6-9230-854D21185448}.Debug|Any CPU.ActiveCfg = Debug|Any CPU
		{BAE6AD79-C36B-45E6-9230-854D21185448}.Debug|Any CPU.Build.0 = Debug|Any CPU
		{BAE6AD79-C36B-45E6-9230-854D21185448}.Release|Any CPU.ActiveCfg = Release|Any CPU
		{BAE6AD79-C36B-45E6-9230-854D21185448}.Release|Any CPU.Build.0 = Release|Any CPU
	EndGlobalSection
	GlobalSection(SolutionProperties) = preSolution
		HideSolutionNode = FALSE
	EndGlobalSection
	GlobalSection(ExtensibilityGlobals) = postSolution
		SolutionGuid = {FBC8663A-5FBD-4493-B043-E27B0E47B979}
	EndGlobalSection
EndGlobal
